
Microsoft Visual Studio Solution File, Format Version 12.00
# Visual Studio 15
VisualStudioVersion = 15.0.27428.2011
MinimumVisualStudioVersion = 10.0.40219.1
Project("{FAE04EC0-301F-11D3-BF4B-00C04F79EFBC}") = "NhibernateStarted", "NhibernateStarted\NhibernateStarted.csproj", "{0752B761-0508-4DF0-B134-2471695BF57F}"
EndProject
Project("{FAE04EC0-301F-11D3-BF4B-00C04F79EFBC}") = "NhibernateStartedDomain", "NhibernateStartedDomain\NhibernateStartedDomain.csproj", "{405D2D78-4C60-40A5-83BD-7D4A5C49D22D}"
EndProject
Global
	GlobalSection(SolutionConfigurationPlatforms) = preSolution
		Debug|Any CPU = Debug|Any CPU
		Release|Any CPU = Release|Any CPU
	EndGlobalSection
	GlobalSection(ProjectConfigurationPlatforms) = postSolution
		{0752B761-0508-4DF0-B134-2471695BF57F}.Debug|Any CPU.ActiveCfg = Debug|Any CPU
		{0752B761-0508-4DF0-B134-2471695BF57F}.Debug|Any CPU.Build.0 = Debug|Any CPU
		{0752B761-0508-4DF0-B134-2471695BF57F}.Release|Any CPU.ActiveCfg = Release|Any CPU
		{0752B761-0508-4DF0-B134-2471695BF57F}.Release|Any CPU.Build.0 = Release|Any CPU
		{405D2D78-4C60-40A5-83BD-7D4A5C49D22D}.Debug|Any CPU.ActiveCfg = Debug|Any CPU
		{405D2D78-4C60-40A5-83BD-7D4A5C49D22D}.Debug|Any CPU.Build.0 = Debug|Any CPU
		{405D2D78-4C60-40A5-83BD-7D4A5C49D22D}.Release|Any CPU.ActiveCfg = Release|Any CPU
		{405D2D78-4C60-40A5-83BD-7D4A5C49D22D}.Release|Any CPU.Build.0 = Release|Any CPU
	EndGlobalSection
	GlobalSection(SolutionProperties) = preSolution
		HideSolutionNode = FALSE
	EndGlobalSection
	GlobalSection(ExtensibilityGlobals) = postSolution
		SolutionGuid = {D01CFE61-089E-4B96-8493-B3EB7823F4A0}
	EndGlobalSection
EndGlobal
